
Microsoft Visual Studio Solution File, Format Version 12.00
# Visual Studio Version 17
VisualStudioVersion = 17.5.33530.505
MinimumVisualStudioVersion = 10.0.40219.1
Project("{FAE04EC0-301F-11D3-BF4B-00C04F79EFBC}") = "Cash.Entity", "Cash.Entity\Cash.Entity.csproj", "{F4B0DFA7-7230-47A6-9C97-1C049AD43274}"
EndProject
Project("{FAE04EC0-301F-11D3-BF4B-00C04F79EFBC}") = "Cash.Business", "Cash.Business\Cash.Business.csproj", "{A4B16291-64B7-4AD2-9931-2C8BEAB02E66}"
EndProject
Project("{FAE04EC0-301F-11D3-BF4B-00C04F79EFBC}") = "Cash.Dto", "Cash.Dto\Cash.Dto.csproj", "{ACFDD996-EFC7-4FF1-A29F-6049D2FADA93}"
EndProject
Project("{FAE04EC0-301F-11D3-BF4B-00C04F79EFBC}") = "Cash.DataAccess", "Cash.DataAccess\Cash.DataAccess.csproj", "{C1AC5B82-D664-4382-A043-DEFDEEE11D46}"
EndProject
Project("{FAE04EC0-301F-11D3-BF4B-00C04F79EFBC}") = "Cash.Web", "Cash.Web\Cash.Web.csproj", "{EC95F327-24EE-4137-934B-C8105149F274}"
EndProject
Global
	GlobalSection(SolutionConfigurationPlatforms) = preSolution
		Debug|Any CPU = Debug|Any CPU
		Release|Any CPU = Release|Any CPU
	EndGlobalSection
	GlobalSection(ProjectConfigurationPlatforms) = postSolution
		{F4B0DFA7-7230-47A6-9C97-1C049AD43274}.Debug|Any CPU.ActiveCfg = Debug|Any CPU
		{F4B0DFA7-7230-47A6-9C97-1C049AD43274}.Debug|Any CPU.Build.0 = Debug|Any CPU
		{F4B0DFA7-7230-47A6-9C97-1C049AD43274}.Release|Any CPU.ActiveCfg = Release|Any CPU
		{F4B0DFA7-7230-47A6-9C97-1C049AD43274}.Release|Any CPU.Build.0 = Release|Any CPU
		{A4B16291-64B7-4AD2-9931-2C8BEAB02E66}.Debug|Any CPU.ActiveCfg = Debug|Any CPU
		{A4B16291-64B7-4AD2-9931-2C8BEAB02E66}.Debug|Any CPU.Build.0 = Debug|Any CPU
		{A4B16291-64B7-4AD2-9931-2C8BEAB02E66}.Release|Any CPU.ActiveCfg = Release|Any CPU
		{A4B16291-64B7-4AD2-9931-2C8BEAB02E66}.Release|Any CPU.Build.0 = Release|Any CPU
		{ACFDD996-EFC7-4FF1-A29F-6049D2FADA93}.Debug|Any CPU.ActiveCfg = Debug|Any CPU
		{ACFDD996-EFC7-4FF1-A29F-6049D2FADA93}.Debug|Any CPU.Build.0 = Debug|Any CPU
		{ACFDD996-EFC7-4FF1-A29F-6049D2FADA93}.Release|Any CPU.ActiveCfg = Release|Any CPU
		{ACFDD996-EFC7-4FF1-A29F-6049D2FADA93}.Release|Any CPU.Build.0 = Release|Any CPU
		{C1AC5B82-D664-4382-A043-DEFDEEE11D46}.Debug|Any CPU.ActiveCfg = Debug|Any CPU
		{C1AC5B82-D664-4382-A043-DEFDEEE11D46}.Debug|Any CPU.Build.0 = Debug|Any CPU
		{C1AC5B82-D664-4382-A043-DEFDEEE11D46}.Release|Any CPU.ActiveCfg = Release|Any CPU
		{C1AC5B82-D664-4382-A043-DEFDEEE11D46}.Release|Any CPU.Build.0 = Release|Any CPU
		{EC95F327-24EE-4137-934B-C8105149F274}.Debug|Any CPU.ActiveCfg = Debug|Any CPU
		{EC95F327-24EE-4137-934B-C8105149F274}.Debug|Any CPU.Build.0 = Debug|Any CPU
		{EC95F327-24EE-4137-934B-C8105149F274}.Release|Any CPU.ActiveCfg = Release|Any CPU
		{EC95F327-24EE-4137-934B-C8105149F274}.Release|Any CPU.Build.0 = Release|Any CPU
	EndGlobalSection
	GlobalSection(SolutionProperties) = preSolution
		HideSolutionNode = FALSE
	EndGlobalSection
	GlobalSection(ExtensibilityGlobals) = postSolution
		SolutionGuid = {6707C9D4-93DC-4BFD-99F5-FB848F36F67E}
	EndGlobalSection
EndGlobal
